PODS:
  - Shakuro.CommonTypes (1.1.4)
  - SwiftLint (0.43.1)

DEPENDENCIES:
  - Shakuro.CommonTypes (= 1.1.4)
  - SwiftLint (= 0.43.1)

SPEC REPOS:
  https://github.com/CocoaPods/Specs.git:
    - Shakuro.CommonTypes
    - SwiftLint

SPEC CHECKSUMS:
  Shakuro.CommonTypes: a3c3d432a2fc19e3e7971dad13aa9066d7ce5771
  SwiftLint: 99f82d07b837b942dd563c668de129a03fc3fb52

PODFILE CHECKSUM: 7f901854237e71d11baa22b52b3e4705cfe4c847

COCOAPODS: 1.11.3
